
Microsoft Visual Studio Solution File, Format Version 12.00
# Visual Studio 15
VisualStudioVersion = 15.0.28307.168
MinimumVisualStudioVersion = 10.0.40219.1
Project("{FAE04EC0-301F-11D3-BF4B-00C04F79EFBC}") = "Pogrebnikov.TemplateEngine", "Pogrebnikov.TemplateEngine\Pogrebnikov.TemplateEngine.csproj", "{DD04B879-A55F-42C2-A6C7-DAB0D2C8AE20}"
EndProject
Project("{FAE04EC0-301F-11D3-BF4B-00C04F79EFBC}") = "Pogrebnikov.TemplateEngine.Tests", "Pogrebnikov.TemplateEngine.Tests\Pogrebnikov.TemplateEngine.Tests.csproj", "{B15E194A-0744-45F8-AFE0-72AA96C25DB2}"
EndProject
Global
	GlobalSection(SolutionConfigurationPlatforms) = preSolution
		Debug|Any CPU = Debug|Any CPU
		Release|Any CPU = Release|Any CPU
	EndGlobalSection
	GlobalSection(ProjectConfigurationPlatforms) = postSolution
		{DD04B879-A55F-42C2-A6C7-DAB0D2C8AE20}.Debug|Any CPU.ActiveCfg = Debug|Any CPU
		{DD04B879-A55F-42C2-A6C7-DAB0D2C8AE20}.Debug|Any CPU.Build.0 = Debug|Any CPU
		{DD04B879-A55F-42C2-A6C7-DAB0D2C8AE20}.Release|Any CPU.ActiveCfg = Release|Any CPU
		{DD04B879-A55F-42C2-A6C7-DAB0D2C8AE20}.Release|Any CPU.Build.0 = Release|Any CPU
		{B15E194A-0744-45F8-AFE0-72AA96C25DB2}.Debug|Any CPU.ActiveCfg = Debug|Any CPU
		{B15E194A-0744-45F8-AFE0-72AA96C25DB2}.Debug|Any CPU.Build.0 = Debug|Any CPU
		{B15E194A-0744-45F8-AFE0-72AA96C25DB2}.Release|Any CPU.ActiveCfg = Release|Any CPU
		{B15E194A-0744-45F8-AFE0-72AA96C25DB2}.Release|Any CPU.Build.0 = Release|Any CPU
	EndGlobalSection
	GlobalSection(SolutionProperties) = preSolution
		HideSolutionNode = FALSE
	EndGlobalSection
	GlobalSection(ExtensibilityGlobals) = postSolution
		SolutionGuid = {2FD09478-E849-4863-9247-34AEE0ACF5A1}
	EndGlobalSection
EndGlobal
